
Microsoft Visual Studio Solution File, Format Version 12.00
# Visual Studio 15
VisualStudioVersion = 15.0.28307.852
MinimumVisualStudioVersion = 10.0.40219.1
Project("{FAE04EC0-301F-11D3-BF4B-00C04F79EFBC}") = "GGimp", "GGimp\GGimp.csproj", "{0DFF1F75-5C61-4DE5-B09F-ABEE90C2C146}"
EndProject
Global
	GlobalSection(SolutionConfigurationPlatforms) = preSolution
		Debug|Any CPU = Debug|Any CPU
		Release|Any CPU = Release|Any CPU
	EndGlobalSection
	GlobalSection(ProjectConfigurationPlatforms) = postSolution
		{0DFF1F75-5C61-4DE5-B09F-ABEE90C2C146}.Debug|Any CPU.ActiveCfg = Debug|Any CPU
		{0DFF1F75-5C61-4DE5-B09F-ABEE90C2C146}.Debug|Any CPU.Build.0 = Debug|Any CPU
		{0DFF1F75-5C61-4DE5-B09F-ABEE90C2C146}.Release|Any CPU.ActiveCfg = Release|Any CPU
		{0DFF1F75-5C61-4DE5-B09F-ABEE90C2C146}.Release|Any CPU.Build.0 = Release|Any CPU
	EndGlobalSection
	GlobalSection(SolutionProperties) = preSolution
		HideSolutionNode = FALSE
	EndGlobalSection
	GlobalSection(ExtensibilityGlobals) = postSolution
		SolutionGuid = {0AE6BA75-4775-4F7F-85F1-E41158513CF1}
	EndGlobalSection
EndGlobal
